
Microsoft Visual Studio Solution File, Format Version 12.00
# Visual Studio Version 17
VisualStudioVersion = 17.14.36414.22
MinimumVisualStudioVersion = 10.0.40219.1
Project("{2150E333-8FDC-42A3-9474-1A3956D46DE8}") = "Task0", "Task0", "{02EA681E-C7D8-13C7-8484-4AC65E1B71E8}"
EndProject
Project("{FAE04EC0-301F-11D3-BF4B-00C04F79EFBC}") = "Tyuiu.KuchukIA.Sprint5.Task0.V20", "Tyuiu.KuchukIA.Sprint5.Task0.V20\Tyuiu.KuchukIA.Sprint5.Task0.V20.csproj", "{1ABE8051-E434-4CBE-87C5-965E34A24DF7}"
EndProject
Project("{FAE04EC0-301F-11D3-BF4B-00C04F79EFBC}") = "Tyuiu.KuchukIA.Sprint5.Task0.V20.Test", "Tyuiu.KuchukIA.Sprint5.Task0.V20.Test\Tyuiu.KuchukIA.Sprint5.Task0.V20.Test.csproj", "{DD62E0DF-8FFB-4B47-8245-B6CAB5134202}"
EndProject
Project("{FAE04EC0-301F-11D3-BF4B-00C04F79EFBC}") = "Tyuiu.KuchukIA.Sprint5.Task0.V20.Lib", "Tyuiu.KuchukIA.Sprint5.Task0.V20.Lib\Tyuiu.KuchukIA.Sprint5.Task0.V20.Lib.csproj", "{9394191D-685C-4E32-8AB5-6D14DBF23EB9}"
EndProject
Project("{2150E333-8FDC-42A3-9474-1A3956D46DE8}") = "Task1", "Task1", "{BDECCBD0-E244-462F-8001-AE47BC58492D}"
EndProject
Project("{FAE04EC0-301F-11D3-BF4B-00C04F79EFBC}") = "Tyuiu.KuchukIA.Sprint5.Task1.V8.Lib", "Tyuiu.KuchukIA.Sprint5.Task1.V8.Lib\Tyuiu.KuchukIA.Sprint5.Task1.V8.Lib.csproj", "{2D51F832-4117-46BD-9F8D-9F8D5DA4F102}"
EndProject
Project("{FAE04EC0-301F-11D3-BF4B-00C04F79EFBC}") = "Tyuiu.KuchukIA.Sprint5.Task1.V8.Test", "Tyuiu.KuchukIA.Sprint5.Task1.V8.Test\Tyuiu.KuchukIA.Sprint5.Task1.V8.Test.csproj", "{F64569D3-CDE3-4435-A51E-D4E5B2DE1F22}"
EndProject
Project("{FAE04EC0-301F-11D3-BF4B-00C04F79EFBC}") = "Tyuiu.KuchukIA.Sprint5.Task1.V8", "Tyuiu.KuchukIA.Sprint5.Task1.V8\Tyuiu.KuchukIA.Sprint5.Task1.V8.csproj", "{92ED2F63-4221-4644-A232-6C3C13761A6E}"
EndProject
Project("{2150E333-8FDC-42A3-9474-1A3956D46DE8}") = "Task2", "Task2", "{5E1CF652-93BB-4CD2-96E8-007E72E4F83B}"
EndProject
Project("{FAE04EC0-301F-11D3-BF4B-00C04F79EFBC}") = "Tyuiu.KuchukIA.Sprint5.Task2.V18", "Tyuiu.KuchukIA.Sprint5.Task2.V18\Tyuiu.KuchukIA.Sprint5.Task2.V18.csproj", "{550C28BB-4434-4324-B9B7-463D91BF81BD}"
EndProject
Project("{FAE04EC0-301F-11D3-BF4B-00C04F79EFBC}") = "Tyuiu.KuchukIA.Sprint5.Task2.V18.Test", "Tyuiu.KuchukIA.Sprint5.Task2.V18.Test\Tyuiu.KuchukIA.Sprint5.Task2.V18.Test.csproj", "{1B04E182-C787-4760-AB96-B313FFFEB067}"
EndProject
Project("{FAE04EC0-301F-11D3-BF4B-00C04F79EFBC}") = "Tyuiu.KuchukIA.Sprint5.Task2.V18.Lib", "Tyuiu.KuchukIA.Sprint5.Task2.V18.Lib\Tyuiu.KuchukIA.Sprint5.Task2.V18.Lib.csproj", "{FBD778F0-5E1B-4985-89C0-101179A03A2D}"
EndProject
Project("{2150E333-8FDC-42A3-9474-1A3956D46DE8}") = "Task3", "Task3", "{925AB958-9552-4317-BAE1-E33555874000}"
EndProject
Project("{FAE04EC0-301F-11D3-BF4B-00C04F79EFBC}") = "Tyuiu.KuchukIA.Sprint5.Task3.V3", "Tyuiu.KuchukIA.Sprint5.Task3.V3\Tyuiu.KuchukIA.Sprint5.Task3.V3.csproj", "{A8D1E76E-28EF-479D-A748-B9174A228A30}"
EndProject
Project("{FAE04EC0-301F-11D3-BF4B-00C04F79EFBC}") = "Tyuiu.KuchukIA.Sprint5.Task3.V3.Lib", "Tyuiu.KuchukIA.Sprint5.Task3.V3.Lib\Tyuiu.KuchukIA.Sprint5.Task3.V3.Lib.csproj", "{577B161B-1F5F-4F39-9F72-D1CEDCDDDD83}"
EndProject
Project("{FAE04EC0-301F-11D3-BF4B-00C04F79EFBC}") = "Tyuiu.KuchukIA.Sprint5.Task3.V3.Test", "Tyuiu.KuchukIA.Sprint5.Task3.V3.Test\Tyuiu.KuchukIA.Sprint5.Task3.V3.Test.csproj", "{70B2072F-E44A-4422-B60D-38E77BE7877F}"
EndProject
Project("{2150E333-8FDC-42A3-9474-1A3956D46DE8}") = "Task4", "Task4", "{B36E72DE-BC9E-43BD-976A-1B8A0EC57003}"
EndProject
Project("{FAE04EC0-301F-11D3-BF4B-00C04F79EFBC}") = "Tyuiu.KuchukIA.Sprint5.Task4.V25", "Tyuiu.KuchukIA.Sprint5.Task4.V25\Tyuiu.KuchukIA.Sprint5.Task4.V25.csproj", "{45CF8766-2EC7-446D-AFC5-AACEFF0F768C}"
EndProject
Project("{FAE04EC0-301F-11D3-BF4B-00C04F79EFBC}") = "Tyuiu.KuchukIA.Sprint5.Task4.V25.Test", "Tyuiu.KuchukIA.Sprint5.Task4.V25.Test\Tyuiu.KuchukIA.Sprint5.Task4.V25.Test.csproj", "{990C604C-91B2-4EF2-AB2D-7FB07A8F1C1B}"
EndProject
Project("{FAE04EC0-301F-11D3-BF4B-00C04F79EFBC}") = "Tyuiu.KuchukIA.Sprint5.Task4.V25.Lib", "Tyuiu.KuchukIA.Sprint5.Task4.V25.Lib\Tyuiu.KuchukIA.Sprint5.Task4.V25.Lib.csproj", "{3FE88E16-276D-4DA1-81E9-1BF0D47B8F50}"
EndProject
Project("{2150E333-8FDC-42A3-9474-1A3956D46DE8}") = "Task5", "Task5", "{C129934A-9D10-4DF0-9117-39DDBDC2651F}"
EndProject
Project("{FAE04EC0-301F-11D3-BF4B-00C04F79EFBC}") = "Tyuiu.KuchukIA.Sprint5.Task5.V18", "Tyuiu.KuchukIA.Sprint5.Task5.V18\Tyuiu.KuchukIA.Sprint5.Task5.V18.csproj", "{C171444D-A3F6-45DA-B375-14BF8FFBC5C6}"
EndProject
Project("{FAE04EC0-301F-11D3-BF4B-00C04F79EFBC}") = "Tyuiu.KuchukIA.Sprint5.Task5.V18.Lib", "Tyuiu.KuchukIA.Sprint5.Task5.V18.Lib\Tyuiu.KuchukIA.Sprint5.Task5.V18.Lib.csproj", "{50FA83C7-65EF-4DB5-85CD-F243C5075488}"
EndProject
Project("{FAE04EC0-301F-11D3-BF4B-00C04F79EFBC}") = "Tyuiu.KuchukIA.Sprint5.Task5.V18.Test", "Tyuiu.KuchukIA.Sprint5.Task5.V18.Test\Tyuiu.KuchukIA.Sprint5.Task5.V18.Test.csproj", "{5293089C-F6D3-4145-B556-3BDAC3B18438}"
EndProject
Project("{2150E333-8FDC-42A3-9474-1A3956D46DE8}") = "Task6", "Task6", "{F462D329-D913-40E6-95E3-B4F30F3C4EA9}"
EndProject
Project("{FAE04EC0-301F-11D3-BF4B-00C04F79EFBC}") = "Tyuiu.KuchukIA.Sprint5.Task6.V17", "Tyuiu.KuchukIA.Sprint5.Task6.V17\Tyuiu.KuchukIA.Sprint5.Task6.V17.csproj", "{3068EBD3-6BB9-4AA8-B207-92DAFB053D3E}"
EndProject
Project("{FAE04EC0-301F-11D3-BF4B-00C04F79EFBC}") = "Tyuiu.KuchukIA.Sprint5.Task6.V17.Test", "Tyuiu.KuchukIA.Sprint5.Task6.V17.Test\Tyuiu.KuchukIA.Sprint5.Task6.V17.Test.csproj", "{586E3842-EC69-440D-A2C7-DB8122D8444A}"
EndProject
Project("{FAE04EC0-301F-11D3-BF4B-00C04F79EFBC}") = "Tyuiu.KuchukIA.Sprint5.Task6.V17.Lib", "Tyuiu.KuchukIA.Sprint5.Task6.V17.Lib\Tyuiu.KuchukIA.Sprint5.Task6.V17.Lib.csproj", "{FE3DA2B7-2E8C-4BD6-9A1D-A3485E145FC7}"
EndProject
Project("{2150E333-8FDC-42A3-9474-1A3956D46DE8}") = "Task7", "Task7", "{E9F640FE-6B54-4E93-A88A-7EB6BE66775F}"
EndProject
Project("{FAE04EC0-301F-11D3-BF4B-00C04F79EFBC}") = "Tyuiu.KuchukIA.Sprint5.Task7.V25", "Tyuiu.KuchukIA.Sprint5.Task7.V25\Tyuiu.KuchukIA.Sprint5.Task7.V25.csproj", "{BC22D8A8-C4E2-4BE5-8AC9-F1BF50D3823B}"
EndProject
Project("{FAE04EC0-301F-11D3-BF4B-00C04F79EFBC}") = "Tyuiu.KuchukIA.Sprint5.Task7.V25.Lib", "Tyuiu.KuchukIA.Sprint5.Task7.V25.Lib\Tyuiu.KuchukIA.Sprint5.Task7.V25.Lib.csproj", "{9758F2F8-FDF8-4C19-93AD-5967E432004F}"
EndProject
Project("{FAE04EC0-301F-11D3-BF4B-00C04F79EFBC}") = "Tyuiu.KuchukIA.Sprint5.Task7.V25.Test", "Tyuiu.KuchukIA.Sprint5.Task7.V25.Test\Tyuiu.KuchukIA.Sprint5.Task7.V25.Test.csproj", "{C89EEDA1-9DE8-4BE5-B65F-835BE66605BE}"
EndProject
Global
	GlobalSection(SolutionConfigurationPlatforms) = preSolution
		Debug|Any CPU = Debug|Any CPU
		Release|Any CPU = Release|Any CPU
	EndGlobalSection
	GlobalSection(ProjectConfigurationPlatforms) = postSolution
		{1ABE8051-E434-4CBE-87C5-965E34A24DF7}.Debug|Any CPU.ActiveCfg = Debug|Any CPU
		{1ABE8051-E434-4CBE-87C5-965E34A24DF7}.Debug|Any CPU.Build.0 = Debug|Any CPU
		{1ABE8051-E434-4CBE-87C5-965E34A24DF7}.Release|Any CPU.ActiveCfg = Release|Any CPU
		{1ABE8051-E434-4CBE-87C5-965E34A24DF7}.Release|Any CPU.Build.0 = Release|Any CPU
		{DD62E0DF-8FFB-4B47-8245-B6CAB5134202}.Debug|Any CPU.ActiveCfg = Debug|Any CPU
		{DD62E0DF-8FFB-4B47-8245-B6CAB5134202}.Debug|Any CPU.Build.0 = Debug|Any CPU
		{DD62E0DF-8FFB-4B47-8245-B6CAB5134202}.Release|Any CPU.ActiveCfg = Release|Any CPU
		{DD62E0DF-8FFB-4B47-8245-B6CAB5134202}.Release|Any CPU.Build.0 = Release|Any CPU
		{9394191D-685C-4E32-8AB5-6D14DBF23EB9}.Debug|Any CPU.ActiveCfg = Debug|Any CPU
		{9394191D-685C-4E32-8AB5-6D14DBF23EB9}.Debug|Any CPU.Build.0 = Debug|Any CPU
		{9394191D-685C-4E32-8AB5-6D14DBF23EB9}.Release|Any CPU.ActiveCfg = Release|Any CPU
		{9394191D-685C-4E32-8AB5-6D14DBF23EB9}.Release|Any CPU.Build.0 = Release|Any CPU
		{2D51F832-4117-46BD-9F8D-9F8D5DA4F102}.Debug|Any CPU.ActiveCfg = Debug|Any CPU
		{2D51F832-4117-46BD-9F8D-9F8D5DA4F102}.Debug|Any CPU.Build.0 = Debug|Any CPU
		{2D51F832-4117-46BD-9F8D-9F8D5DA4F102}.Release|Any CPU.ActiveCfg = Release|Any CPU
		{2D51F832-4117-46BD-9F8D-9F8D5DA4F102}.Release|Any CPU.Build.0 = Release|Any CPU
		{F64569D3-CDE3-4435-A51E-D4E5B2DE1F22}.Debug|Any CPU.ActiveCfg = Debug|Any CPU
		{F64569D3-CDE3-4435-A51E-D4E5B2DE1F22}.Debug|Any CPU.Build.0 = Debug|Any CPU
		{F64569D3-CDE3-4435-A51E-D4E5B2DE1F22}.Release|Any CPU.ActiveCfg = Release|Any CPU
		{F64569D3-CDE3-4435-A51E-D4E5B2DE1F22}.Release|Any CPU.Build.0 = Release|Any CPU
		{92ED2F63-4221-4644-A232-6C3C13761A6E}.Debug|Any CPU.ActiveCfg = Debug|Any CPU
		{92ED2F63-4221-4644-A232-6C3C13761A6E}.Debug|Any CPU.Build.0 = Debug|Any CPU
		{92ED2F63-4221-4644-A232-6C3C13761A6E}.Release|Any CPU.ActiveCfg = Release|Any CPU
		{92ED2F63-4221-4644-A232-6C3C13761A6E}.Release|Any CPU.Build.0 = Release|Any CPU
		{550C28BB-4434-4324-B9B7-463D91BF81BD}.Debug|Any CPU.ActiveCfg = Debug|Any CPU
		{550C28BB-4434-4324-B9B7-463D91BF81BD}.Debug|Any CPU.Build.0 = Debug|Any CPU
		{550C28BB-4434-4324-B9B7-463D91BF81BD}.Release|Any CPU.ActiveCfg = Release|Any CPU
		{550C28BB-4434-4324-B9B7-463D91BF81BD}.Release|Any CPU.Build.0 = Release|Any CPU
		{1B04E182-C787-4760-AB96-B313FFFEB067}.Debug|Any CPU.ActiveCfg = Debug|Any CPU
		{1B04E182-C787-4760-AB96-B313FFFEB067}.Debug|Any CPU.Build.0 = Debug|Any CPU
		{1B04E182-C787-4760-AB96-B313FFFEB067}.Release|Any CPU.ActiveCfg = Release|Any CPU
		{1B04E182-C787-4760-AB96-B313FFFEB067}.Release|Any CPU.Build.0 = Release|Any CPU
		{FBD778F0-5E1B-4985-89C0-101179A03A2D}.Debug|Any CPU.ActiveCfg = Debug|Any CPU
		{FBD778F0-5E1B-4985-89C0-101179A03A2D}.Debug|Any CPU.Build.0 = Debug|Any CPU
		{FBD778F0-5E1B-4985-89C0-101179A03A2D}.Release|Any CPU.ActiveCfg = Release|Any CPU
		{FBD778F0-5E1B-4985-89C0-101179A03A2D}.Release|Any CPU.Build.0 = Release|Any CPU
		{A8D1E76E-28EF-479D-A748-B9174A228A30}.Debug|Any CPU.ActiveCfg = Debug|Any CPU
		{A8D1E76E-28EF-479D-A748-B9174A228A30}.Debug|Any CPU.Build.0 = Debug|Any CPU
		{A8D1E76E-28EF-479D-A748-B9174A228A30}.Release|Any CPU.ActiveCfg = Release|Any CPU
		{A8D1E76E-28EF-479D-A748-B9174A228A30}.Release|Any CPU.Build.0 = Release|Any CPU
		{577B161B-1F5F-4F39-9F72-D1CEDCDDDD83}.Debug|Any CPU.ActiveCfg = Debug|Any CPU
		{577B161B-1F5F-4F39-9F72-D1CEDCDDDD83}.Debug|Any CPU.Build.0 = Debug|Any CPU
		{577B161B-1F5F-4F39-9F72-D1CEDCDDDD83}.Release|Any CPU.ActiveCfg = Release|Any CPU
		{577B161B-1F5F-4F39-9F72-D1CEDCDDDD83}.Release|Any CPU.Build.0 = Release|Any CPU
		{70B2072F-E44A-4422-B60D-38E77BE7877F}.Debug|Any CPU.ActiveCfg = Debug|Any CPU
		{70B2072F-E44A-4422-B60D-38E77BE7877F}.Debug|Any CPU.Build.0 = Debug|Any CPU
		{70B2072F-E44A-4422-B60D-38E77BE7877F}.Release|Any CPU.ActiveCfg = Release|Any CPU
		{70B2072F-E44A-4422-B60D-38E77BE7877F}.Release|Any CPU.Build.0 = Release|Any CPU
		{45CF8766-2EC7-446D-AFC5-AACEFF0F768C}.Debug|Any CPU.ActiveCfg = Debug|Any CPU
		{45CF8766-2EC7-446D-AFC5-AACEFF0F768C}.Debug|Any CPU.Build.0 = Debug|Any CPU
		{45CF8766-2EC7-446D-AFC5-AACEFF0F768C}.Release|Any CPU.ActiveCfg = Release|Any CPU
		{45CF8766-2EC7-446D-AFC5-AACEFF0F768C}.Release|Any CPU.Build.0 = Release|Any CPU
		{990C604C-91B2-4EF2-AB2D-7FB07A8F1C1B}.Debug|Any CPU.ActiveCfg = Debug|Any CPU
		{990C604C-91B2-4EF2-AB2D-7FB07A8F1C1B}.Debug|Any CPU.Build.0 = Debug|Any CPU
		{990C604C-91B2-4EF2-AB2D-7FB07A8F1C1B}.Release|Any CPU.ActiveCfg = Release|Any CPU
		{990C604C-91B2-4EF2-AB2D-7FB07A8F1C1B}.Release|Any CPU.Build.0 = Release|Any CPU
		{3FE88E16-276D-4DA1-81E9-1BF0D47B8F50}.Debug|Any CPU.ActiveCfg = Debug|Any CPU
		{3FE88E16-276D-4DA1-81E9-1BF0D47B8F50}.Debug|Any CPU.Build.0 = Debug|Any CPU
		{3FE88E16-276D-4DA1-81E9-1BF0D47B8F50}.Release|Any CPU.ActiveCfg = Release|Any CPU
		{3FE88E16-276D-4DA1-81E9-1BF0D47B8F50}.Release|Any CPU.Build.0 = Release|Any CPU
		{C171444D-A3F6-45DA-B375-14BF8FFBC5C6}.Debug|Any CPU.ActiveCfg = Debug|Any CPU
		{C171444D-A3F6-45DA-B375-14BF8FFBC5C6}.Debug|Any CPU.Build.0 = Debug|Any CPU
		{C171444D-A3F6-45DA-B375-14BF8FFBC5C6}.Release|Any CPU.ActiveCfg = Release|Any CPU
		{C171444D-A3F6-45DA-B375-14BF8FFBC5C6}.Release|Any CPU.Build.0 = Release|Any CPU
		{50FA83C7-65EF-4DB5-85CD-F243C5075488}.Debug|Any CPU.ActiveCfg = Debug|Any CPU
		{50FA83C7-65EF-4DB5-85CD-F243C5075488}.Debug|Any CPU.Build.0 = Debug|Any CPU
		{50FA83C7-65EF-4DB5-85CD-F243C5075488}.Release|Any CPU.ActiveCfg = Release|Any CPU
		{50FA83C7-65EF-4DB5-85CD-F243C5075488}.Release|Any CPU.Build.0 = Release|Any CPU
		{5293089C-F6D3-4145-B556-3BDAC3B18438}.Debug|Any CPU.ActiveCfg = Debug|Any CPU
		{5293089C-F6D3-4145-B556-3BDAC3B18438}.Debug|Any CPU.Build.0 = Debug|Any CPU
		{5293089C-F6D3-4145-B556-3BDAC3B18438}.Release|Any CPU.ActiveCfg = Release|Any CPU
		{5293089C-F6D3-4145-B556-3BDAC3B18438}.Release|Any CPU.Build.0 = Release|Any CPU
		{3068EBD3-6BB9-4AA8-B207-92DAFB053D3E}.Debug|Any CPU.ActiveCfg = Debug|Any CPU
		{3068EBD3-6BB9-4AA8-B207-92DAFB053D3E}.Debug|Any CPU.Build.0 = Debug|Any CPU
		{3068EBD3-6BB9-4AA8-B207-92DAFB053D3E}.Release|Any CPU.ActiveCfg = Release|Any CPU
		{3068EBD3-6BB9-4AA8-B207-92DAFB053D3E}.Release|Any CPU.Build.0 = Release|Any CPU
		{586E3842-EC69-440D-A2C7-DB8122D8444A}.Debug|Any CPU.ActiveCfg = Debug|Any CPU
		{586E3842-EC69-440D-A2C7-DB8122D8444A}.Debug|Any CPU.Build.0 = Debug|Any CPU
		{586E3842-EC69-440D-A2C7-DB8122D8444A}.Release|Any CPU.ActiveCfg = Release|Any CPU
		{586E3842-EC69-440D-A2C7-DB8122D8444A}.Release|Any CPU.Build.0 = Release|Any CPU
		{FE3DA2B7-2E8C-4BD6-9A1D-A3485E145FC7}.Debug|Any CPU.ActiveCfg = Debug|Any CPU
		{FE3DA2B7-2E8C-4BD6-9A1D-A3485E145FC7}.Debug|Any CPU.Build.0 = Debug|Any CPU
		{FE3DA2B7-2E8C-4BD6-9A1D-A3485E145FC7}.Release|Any CPU.ActiveCfg = Release|Any CPU
		{FE3DA2B7-2E8C-4BD6-9A1D-A3485E145FC7}.Release|Any CPU.Build.0 = Release|Any CPU
		{BC22D8A8-C4E2-4BE5-8AC9-F1BF50D3823B}.Debug|Any CPU.ActiveCfg = Debug|Any CPU
		{BC22D8A8-C4E2-4BE5-8AC9-F1BF50D3823B}.Debug|Any CPU.Build.0 = Debug|Any CPU
		{BC22D8A8-C4E2-4BE5-8AC9-F1BF50D3823B}.Release|Any CPU.ActiveCfg = Release|Any CPU
		{BC22D8A8-C4E2-4BE5-8AC9-F1BF50D3823B}.Release|Any CPU.Build.0 = Release|Any CPU
		{9758F2F8-FDF8-4C19-93AD-5967E432004F}.Debug|Any CPU.ActiveCfg = Debug|Any CPU
		{9758F2F8-FDF8-4C19-93AD-5967E432004F}.Debug|Any CPU.Build.0 = Debug|Any CPU
		{9758F2F8-FDF8-4C19-93AD-5967E432004F}.Release|Any CPU.ActiveCfg = Release|Any CPU
		{9758F2F8-FDF8-4C19-93AD-5967E432004F}.Release|Any CPU.Build.0 = Release|Any CPU
		{C89EEDA1-9DE8-4BE5-B65F-835BE66605BE}.Debug|Any CPU.ActiveCfg = Debug|Any CPU
		{C89EEDA1-9DE8-4BE5-B65F-835BE66605BE}.Debug|Any CPU.Build.0 = Debug|Any CPU
		{C89EEDA1-9DE8-4BE5-B65F-835BE66605BE}.Release|Any CPU.ActiveCfg = Release|Any CPU
		{C89EEDA1-9DE8-4BE5-B65F-835BE66605BE}.Release|Any CPU.Build.0 = Release|Any CPU
	EndGlobalSection
	GlobalSection(SolutionProperties) = preSolution
		HideSolutionNode = FALSE
	EndGlobalSection
	GlobalSection(NestedProjects) = preSolution
		{1ABE8051-E434-4CBE-87C5-965E34A24DF7} = {02EA681E-C7D8-13C7-8484-4AC65E1B71E8}
		{DD62E0DF-8FFB-4B47-8245-B6CAB5134202} = {02EA681E-C7D8-13C7-8484-4AC65E1B71E8}
		{9394191D-685C-4E32-8AB5-6D14DBF23EB9} = {02EA681E-C7D8-13C7-8484-4AC65E1B71E8}
		{2D51F832-4117-46BD-9F8D-9F8D5DA4F102} = {BDECCBD0-E244-462F-8001-AE47BC58492D}
		{F64569D3-CDE3-4435-A51E-D4E5B2DE1F22} = {BDECCBD0-E244-462F-8001-AE47BC58492D}
		{92ED2F63-4221-4644-A232-6C3C13761A6E} = {BDECCBD0-E244-462F-8001-AE47BC58492D}
		{550C28BB-4434-4324-B9B7-463D91BF81BD} = {5E1CF652-93BB-4CD2-96E8-007E72E4F83B}
		{1B04E182-C787-4760-AB96-B313FFFEB067} = {5E1CF652-93BB-4CD2-96E8-007E72E4F83B}
		{FBD778F0-5E1B-4985-89C0-101179A03A2D} = {5E1CF652-93BB-4CD2-96E8-007E72E4F83B}
		{A8D1E76E-28EF-479D-A748-B9174A228A30} = {925AB958-9552-4317-BAE1-E33555874000}
		{577B161B-1F5F-4F39-9F72-D1CEDCDDDD83} = {925AB958-9552-4317-BAE1-E33555874000}
		{70B2072F-E44A-4422-B60D-38E77BE7877F} = {925AB958-9552-4317-BAE1-E33555874000}
		{45CF8766-2EC7-446D-AFC5-AACEFF0F768C} = {B36E72DE-BC9E-43BD-976A-1B8A0EC57003}
		{990C604C-91B2-4EF2-AB2D-7FB07A8F1C1B} = {B36E72DE-BC9E-43BD-976A-1B8A0EC57003}
		{3FE88E16-276D-4DA1-81E9-1BF0D47B8F50} = {B36E72DE-BC9E-43BD-976A-1B8A0EC57003}
		{C171444D-A3F6-45DA-B375-14BF8FFBC5C6} = {C129934A-9D10-4DF0-9117-39DDBDC2651F}
		{50FA83C7-65EF-4DB5-85CD-F243C5075488} = {C129934A-9D10-4DF0-9117-39DDBDC2651F}
		{5293089C-F6D3-4145-B556-3BDAC3B18438} = {C129934A-9D10-4DF0-9117-39DDBDC2651F}
		{3068EBD3-6BB9-4AA8-B207-92DAFB053D3E} = {F462D329-D913-40E6-95E3-B4F30F3C4EA9}
		{586E3842-EC69-440D-A2C7-DB8122D8444A} = {F462D329-D913-40E6-95E3-B4F30F3C4EA9}
		{FE3DA2B7-2E8C-4BD6-9A1D-A3485E145FC7} = {F462D329-D913-40E6-95E3-B4F30F3C4EA9}
		{BC22D8A8-C4E2-4BE5-8AC9-F1BF50D3823B} = {E9F640FE-6B54-4E93-A88A-7EB6BE66775F}
		{9758F2F8-FDF8-4C19-93AD-5967E432004F} = {E9F640FE-6B54-4E93-A88A-7EB6BE66775F}
		{C89EEDA1-9DE8-4BE5-B65F-835BE66605BE} = {E9F640FE-6B54-4E93-A88A-7EB6BE66775F}
	EndGlobalSection
	GlobalSection(ExtensibilityGlobals) = postSolution
		SolutionGuid = {495DF92A-31D0-4E47-8B38-617A5746EFC4}
	EndGlobalSection
EndGlobal
